PODS:
  - IBMSwiftSDKCore (1.0.0)
  - IBMWatsonLanguageTranslatorV3 (3.6.0):
    - IBMSwiftSDKCore (~> 1.0.0)
  - IBMWatsonToneAnalyzerV3 (3.6.0):
    - IBMSwiftSDKCore (~> 1.0.0)
  - Keys (1.0.1)
  - lottie-ios (3.1.8)
  - SegementSlide (3.0.1)
  - SwiftyJSON (5.0.0)

DEPENDENCIES:
  - IBMWatsonLanguageTranslatorV3 (~> 3.6.0)
  - IBMWatsonToneAnalyzerV3 (~> 3.6.0)
  - Keys (from `Pods/CocoaPodsKeys`)
  - lottie-ios
  - SegementSlide
  - SwiftyJSON

SPEC REPOS:
  trunk:
    - IBMSwiftSDKCore
    - IBMWatsonLanguageTranslatorV3
    - IBMWatsonToneAnalyzerV3
    - lottie-ios
    - SegementSlide
    - SwiftyJSON

EXTERNAL SOURCES:
  Keys:
    :path: Pods/CocoaPodsKeys

SPEC CHECKSUMS:
  IBMSwiftSDKCore: 54ad77b03a4d27b218ba514580197db3b89a96ca
  IBMWatsonLanguageTranslatorV3: 41340a76ffad829bf1cedb269c890989ac7654c2
  IBMWatsonToneAnalyzerV3: eca44fa804c5d60156c5b05c64fa20fe4d99d5cc
  Keys: a576f4c9c1c641ca913a959a9c62ed3f215a8de9
  lottie-ios: 48fac6be217c76937e36e340e2d09cf7b10b7f5f
  SegementSlide: 83b56ffb66b9c0edc4e4f2a74229309c62915db3
  SwiftyJSON: 36413e04c44ee145039d332b4f4e2d3e8d6c4db7

PODFILE CHECKSUM: 99c8f8a71f7bd0af3f78aa76baca1fd23734a2ab

COCOAPODS: 1.9.3
