// !$*UTF8*$!
{
	archiveVersion = 1;
	classes = {
	};
	objectVersion = 51;
	objects = {

/* Begin PBXBuildFile section */
		45166C3C25BAAD580026045F /* ApiKey.swift in Sources */ = {isa = PBXBuildFile; fileRef = 45166C3B25BAAD580026045F /* ApiKey.swift */; };
		4532A60525D90390002A998A /* TimeLineCommentViewController.swift in Sources */ = {isa = PBXBuildFile; fileRef = 4532A60425D90390002A998A /* TimeLineCommentViewController.swift */; };
		4532A60825D926F3002A998A /* CommentInputAccessoryView.xib in Resources */ = {isa = PBXBuildFile; fileRef = 4532A60725D926F2002A998A /* CommentInputAccessoryView.xib */; };
		4532A60D25D92B94002A998A /* CommentInputAccessoryView.swift in Sources */ = {isa = PBXBuildFile; fileRef = 4532A60C25D92B94002A998A /* CommentInputAccessoryView.swift */; };
		4532A62F25D952D3002A998A /* CommentStruct.swift in Sources */ = {isa = PBXBuildFile; fileRef = 4532A62E25D952D2002A998A /* CommentStruct.swift */; };
		454E6BBC25CBDD52002E5F02 /* TimeLineMessage.swift in Sources */ = {isa = PBXBuildFile; fileRef = 454E6BBB25CBDD52002E5F02 /* TimeLineMessage.swift */; };
		457689752542A70E00D7E630 /* LanguageTranslatorModel.swift in Sources */ = {isa = PBXBuildFile; fileRef = 457689742542A70E00D7E630 /* LanguageTranslatorModel.swift */; };
		457689792542A81C00D7E630 /* ToneAnalyzerModel.swift in Sources */ = {isa = PBXBuildFile; fileRef = 457689782542A81C00D7E630 /* ToneAnalyzerModel.swift */; };
		4576898425453E5900D7E630 /* Translation.swift in Sources */ = {isa = PBXBuildFile; fileRef = 4576898325453E5900D7E630 /* Translation.swift */; };
		458017502588B74C004A8176 /* UIColor+Colors.swift in Sources */ = {isa = PBXBuildFile; fileRef = 4580174F2588B74C004A8176 /* UIColor+Colors.swift */; };
		4586DD512585B0CE00FAB922 /* Assets.xcassets in Resources */ = {isa = PBXBuildFile; fileRef = 4586DD502585B0CE00FAB922 /* Assets.xcassets */; };
		458F88A925D088A90041842D /* SubmissionPageViewController.swift in Sources */ = {isa = PBXBuildFile; fileRef = 458F88A825D088A90041842D /* SubmissionPageViewController.swift */; };
		458F88B225D2AAC70041842D /* TimeLineTranslatorModel.swift in Sources */ = {isa = PBXBuildFile; fileRef = 458F88B125D2AAC70041842D /* TimeLineTranslatorModel.swift */; };
		458F88B525D2C6000041842D /* TimeLineToneAnalyzerModel.swift in Sources */ = {isa = PBXBuildFile; fileRef = 458F88B425D2C6000041842D /* TimeLineToneAnalyzerModel.swift */; };
		459DB73F25C17CA5009822AD /* UserDefault.swift in Sources */ = {isa = PBXBuildFile; fileRef = 459DB73E25C17CA5009822AD /* UserDefault.swift */; };
		459DB74225C17CD0009822AD /* NewsCount.swift in Sources */ = {isa = PBXBuildFile; fileRef = 459DB74125C17CD0009822AD /* NewsCount.swift */; };
		459DB74525C17D02009822AD /* DateItems.swift in Sources */ = {isa = PBXBuildFile; fileRef = 459DB74425C17D02009822AD /* DateItems.swift */; };
		459DB74825C17D08009822AD /* TimePoints.swift in Sources */ = {isa = PBXBuildFile; fileRef = 459DB74725C17D08009822AD /* TimePoints.swift */; };
		459DB74B25C17D13009822AD /* UpdateTimes.swift in Sources */ = {isa = PBXBuildFile; fileRef = 459DB74A25C17D13009822AD /* UpdateTimes.swift */; };
		459DB76C25C3B83F009822AD /* LocalNotificationModel.swift in Sources */ = {isa = PBXBuildFile; fileRef = 459DB76B25C3B83F009822AD /* LocalNotificationModel.swift */; };
		45B8239025739340005F435B /* GoogleService-Info.plist in Resources */ = {isa = PBXBuildFile; fileRef = 45B8238F25739340005F435B /* GoogleService-Info.plist */; };
		45BCEE7624E4F1970023D738 /* NewsItems.swift in Sources */ = {isa = PBXBuildFile; fileRef = 45BCEE7524E4F1970023D738 /* NewsItems.swift */; };
		45BCEE7824E545570023D738 /* WebViewController.swift in Sources */ = {isa = PBXBuildFile; fileRef = 45BCEE7724E545570023D738 /* WebViewController.swift */; };
		45BE9B412526C7BB0013F34C /* TabBarController.swift in Sources */ = {isa = PBXBuildFile; fileRef = 45BE9B402526C7BB0013F34C /* TabBarController.swift */; };
		45BE9B452526D2120013F34C /* LoginViewController.swift in Sources */ = {isa = PBXBuildFile; fileRef = 45BE9B442526D2120013F34C /* LoginViewController.swift */; };
		45C7DDAC25CD778100D4DDB5 /* SaveUserInformationViewController.swift in Sources */ = {isa = PBXBuildFile; fileRef = 45C7DDAB25CD778100D4DDB5 /* SaveUserInformationViewController.swift */; };
		45C7DE2A25CE211700D4DDB5 /* CheckPermission.swift in Sources */ = {isa = PBXBuildFile; fileRef = 45C7DE2925CE211700D4DDB5 /* CheckPermission.swift */; };
		45D8865824E4C0F000B32D02 /* AppDelegate.swift in Sources */ = {isa = PBXBuildFile; fileRef = 45D8865724E4C0F000B32D02 /* AppDelegate.swift */; };
		45D8865A24E4C0F000B32D02 /* SceneDelegate.swift in Sources */ = {isa = PBXBuildFile; fileRef = 45D8865924E4C0F000B32D02 /* SceneDelegate.swift */; };
		45D8865C24E4C0F000B32D02 /* NewsViewController.swift in Sources */ = {isa = PBXBuildFile; fileRef = 45D8865B24E4C0F000B32D02 /* NewsViewController.swift */; };
		45D8865F24E4C0F000B32D02 /* Main.storyboard in Resources */ = {isa = PBXBuildFile; fileRef = 45D8865D24E4C0F000B32D02 /* Main.storyboard */; };
		45D8866424E4C0F200B32D02 /* LaunchScreen.storyboard in Resources */ = {isa = PBXBuildFile; fileRef = 45D8866224E4C0F200B32D02 /* LaunchScreen.storyboard */; };
		45E1B44325CE399D00843780 /* SendToFirebaseStorageModel.swift in Sources */ = {isa = PBXBuildFile; fileRef = 45E1B44225CE399D00843780 /* SendToFirebaseStorageModel.swift */; };
		45E80A5F25B52FF1001A25AF /* TimeScheduleModel.swift in Sources */ = {isa = PBXBuildFile; fileRef = 45E80A5E25B52FF1001A25AF /* TimeScheduleModel.swift */; };
		45F5C5E9258488030082119F /* MessageUI.framework in Frameworks */ = {isa = PBXBuildFile; fileRef = 45F5C5E8258488030082119F /* MessageUI.framework */; };
		45F684B425CFFBA800BA9E46 /* UserDefaults+removeAll.swift in Sources */ = {isa = PBXBuildFile; fileRef = 45F684B325CFFBA800BA9E46 /* UserDefaults+removeAll.swift */; };
		45F684B925D047C400BA9E46 /* TimeLineViewController.swift in Sources */ = {isa = PBXBuildFile; fileRef = 45F684B825D047C400BA9E46 /* TimeLineViewController.swift */; };
		45F684BD25D04AFB00BA9E46 /* TimeLineTableViewCell.swift in Sources */ = {isa = PBXBuildFile; fileRef = 45F684BB25D04AFB00BA9E46 /* TimeLineTableViewCell.swift */; };
		45F684BE25D04AFB00BA9E46 /* TimeLineTableViewCell.xib in Resources */ = {isa = PBXBuildFile; fileRef = 45F684BC25D04AFB00BA9E46 /* TimeLineTableViewCell.xib */; };
		45F76D9825CF8D2E005E71B7 /* EditUserInfoViewController.swift in Sources */ = {isa = PBXBuildFile; fileRef = 45F76D9725CF8D2E005E71B7 /* EditUserInfoViewController.swift */; };
		45FB2820257479ED0054A9B8 /* AccountViewController.swift in Sources */ = {isa = PBXBuildFile; fileRef = 45FB281F257479ED0054A9B8 /* AccountViewController.swift */; };
		CCDCCAE33D0F59D6087F56F9 /* Pods_HappyNews.framework in Frameworks */ = {isa = PBXBuildFile; fileRef = E8741481E51FE88820ECF537 /* Pods_HappyNews.framework */; };
/* End PBXBuildFile section */

/* Begin PBXFileReference section */
		45166C3B25BAAD580026045F /* ApiKey.swift */ = {isa = PBXFileReference; fileEncoding = 4; lastKnownFileType = sourcecode.swift; path = ApiKey.swift; sourceTree = "<group>"; };
		452877452575417200A344E3 /* HappyNews.entitlements */ = {isa = PBXFileReference; lastKnownFileType = text.plist.entitlements; path = HappyNews.entitlements; sourceTree = "<group>"; };
		4532A60425D90390002A998A /* TimeLineCommentViewController.swift */ = {isa = PBXFileReference; lastKnownFileType = sourcecode.swift; path = TimeLineCommentViewController.swift; sourceTree = "<group>"; };
		4532A60725D926F2002A998A /* CommentInputAccessoryView.xib */ = {isa = PBXFileReference; lastKnownFileType = file.xib; path = CommentInputAccessoryView.xib; sourceTree = "<group>"; };
		4532A60C25D92B94002A998A /* CommentInputAccessoryView.swift */ = {isa = PBXFileReference; lastKnownFileType = sourcecode.swift; path = CommentInputAccessoryView.swift; sourceTree = "<group>"; };
		4532A62E25D952D2002A998A /* CommentStruct.swift */ = {isa = PBXFileReference; lastKnownFileType = sourcecode.swift; path = CommentStruct.swift; sourceTree = "<group>"; };
		454E6BBB25CBDD52002E5F02 /* TimeLineMessage.swift */ = {isa = PBXFileReference; lastKnownFileType = sourcecode.swift; path = TimeLineMessage.swift; sourceTree = "<group>"; };
		4573208E25A9E1E800F34C60 /* README.md */ = {isa = PBXFileReference; lastKnownFileType = net.daringfireball.markdown; path = README.md; sourceTree = "<group>"; };
		457689742542A70E00D7E630 /* LanguageTranslatorModel.swift */ = {isa = PBXFileReference; lastKnownFileType = sourcecode.swift; path = LanguageTranslatorModel.swift; sourceTree = "<group>"; };
		457689782542A81C00D7E630 /* ToneAnalyzerModel.swift */ = {isa = PBXFileReference; lastKnownFileType = sourcecode.swift; path = ToneAnalyzerModel.swift; sourceTree = "<group>"; };
		4576898325453E5900D7E630 /* Translation.swift */ = {isa = PBXFileReference; lastKnownFileType = sourcecode.swift; path = Translation.swift; sourceTree = "<group>"; };
		4580174F2588B74C004A8176 /* UIColor+Colors.swift */ = {isa = PBXFileReference; lastKnownFileType = sourcecode.swift; path = "UIColor+Colors.swift"; sourceTree = "<group>"; };
		4586DD502585B0CE00FAB922 /* Assets.xcassets */ = {isa = PBXFileReference; lastKnownFileType = folder.assetcatalog; path = Assets.xcassets; sourceTree = "<group>"; };
		458F88A825D088A90041842D /* SubmissionPageViewController.swift */ = {isa = PBXFileReference; lastKnownFileType = sourcecode.swift; path = SubmissionPageViewController.swift; sourceTree = "<group>"; };
		458F88B125D2AAC70041842D /* TimeLineTranslatorModel.swift */ = {isa = PBXFileReference; fileEncoding = 4; lastKnownFileType = sourcecode.swift; path = TimeLineTranslatorModel.swift; sourceTree = "<group>"; };
		458F88B425D2C6000041842D /* TimeLineToneAnalyzerModel.swift */ = {isa = PBXFileReference; lastKnownFileType = sourcecode.swift; path = TimeLineToneAnalyzerModel.swift; sourceTree = "<group>"; };
		459DB73E25C17CA5009822AD /* UserDefault.swift */ = {isa = PBXFileReference; fileEncoding = 4; lastKnownFileType = sourcecode.swift; path = UserDefault.swift; sourceTree = "<group>"; };
		459DB74125C17CD0009822AD /* NewsCount.swift */ = {isa = PBXFileReference; fileEncoding = 4; lastKnownFileType = sourcecode.swift; path = NewsCount.swift; sourceTree = "<group>"; };
		459DB74425C17D02009822AD /* DateItems.swift */ = {isa = PBXFileReference; fileEncoding = 4; lastKnownFileType = sourcecode.swift; path = DateItems.swift; sourceTree = "<group>"; };
		459DB74725C17D08009822AD /* TimePoints.swift */ = {isa = PBXFileReference; fileEncoding = 4; lastKnownFileType = sourcecode.swift; name = TimePoints.swift; path = HappyNews/Model/TimeScheduleGroup/TimePoints.swift; sourceTree = SOURCE_ROOT; };
		459DB74A25C17D13009822AD /* UpdateTimes.swift */ = {isa = PBXFileReference; fileEncoding = 4; lastKnownFileType = sourcecode.swift; path = UpdateTimes.swift; sourceTree = "<group>"; };
		459DB76B25C3B83F009822AD /* LocalNotificationModel.swift */ = {isa = PBXFileReference; lastKnownFileType = sourcecode.swift; path = LocalNotificationModel.swift; sourceTree = "<group>"; };
		45B8238C25739103005F435B /* ja */ = {isa = PBXFileReference; lastKnownFileType = text.plist.strings; name = ja; path = ja.lproj/Main.strings; sourceTree = "<group>"; };
		45B8238D25739104005F435B /* ja */ = {isa = PBXFileReference; lastKnownFileType = text.plist.strings; name = ja; path = ja.lproj/LaunchScreen.strings; sourceTree = "<group>"; };
		45B8238F25739340005F435B /* GoogleService-Info.plist */ = {isa = PBXFileReference; fileEncoding = 4; lastKnownFileType = text.plist.xml; path = "GoogleService-Info.plist"; sourceTree = "<group>"; };
		45BCEE7524E4F1970023D738 /* NewsItems.swift */ = {isa = PBXFileReference; lastKnownFileType = sourcecode.swift; path = NewsItems.swift; sourceTree = "<group>"; };
		45BCEE7724E545570023D738 /* WebViewController.swift */ = {isa = PBXFileReference; lastKnownFileType = sourcecode.swift; path = WebViewController.swift; sourceTree = "<group>"; };
		45BE9B402526C7BB0013F34C /* TabBarController.swift */ = {isa = PBXFileReference; lastKnownFileType = sourcecode.swift; path = TabBarController.swift; sourceTree = "<group>"; };
		45BE9B442526D2120013F34C /* LoginViewController.swift */ = {isa = PBXFileReference; lastKnownFileType = sourcecode.swift; path = LoginViewController.swift; sourceTree = "<group>"; };
		45C7DDAB25CD778100D4DDB5 /* SaveUserInformationViewController.swift */ = {isa = PBXFileReference; lastKnownFileType = sourcecode.swift; path = SaveUserInformationViewController.swift; sourceTree = "<group>"; };
		45C7DE2925CE211700D4DDB5 /* CheckPermission.swift */ = {isa = PBXFileReference; lastKnownFileType = sourcecode.swift; path = CheckPermission.swift; sourceTree = "<group>"; };
		45D8865424E4C0F000B32D02 /* HappyNews.app */ = {isa = PBXFileReference; explicitFileType = wrapper.application; includeInIndex = 0; path = HappyNews.app; sourceTree = BUILT_PRODUCTS_DIR; };
		45D8865724E4C0F000B32D02 /* AppDelegate.swift */ = {isa = PBXFileReference; lastKnownFileType = sourcecode.swift; path = AppDelegate.swift; sourceTree = "<group>"; };
		45D8865924E4C0F000B32D02 /* SceneDelegate.swift */ = {isa = PBXFileReference; lastKnownFileType = sourcecode.swift; path = SceneDelegate.swift; sourceTree = "<group>"; };
		45D8865B24E4C0F000B32D02 /* NewsViewController.swift */ = {isa = PBXFileReference; lastKnownFileType = sourcecode.swift; path = NewsViewController.swift; sourceTree = "<group>"; };
		45D8865E24E4C0F000B32D02 /* Base */ = {isa = PBXFileReference; lastKnownFileType = file.storyboard; name = Base; path = Base.lproj/Main.storyboard; sourceTree = "<group>"; };
		45D8866324E4C0F200B32D02 /* Base */ = {isa = PBXFileReference; lastKnownFileType = file.storyboard; name = Base; path = Base.lproj/LaunchScreen.storyboard; sourceTree = "<group>"; };
		45D8866524E4C0F200B32D02 /* Info.plist */ = {isa = PBXFileReference; lastKnownFileType = text.plist.xml; path = Info.plist; sourceTree = "<group>"; };
		45E1B44225CE399D00843780 /* SendToFirebaseStorageModel.swift */ = {isa = PBXFileReference; lastKnownFileType = sourcecode.swift; path = SendToFirebaseStorageModel.swift; sourceTree = "<group>"; };
		45E80A5E25B52FF1001A25AF /* TimeScheduleModel.swift */ = {isa = PBXFileReference; fileEncoding = 4; lastKnownFileType = sourcecode.swift; path = TimeScheduleModel.swift; sourceTree = "<group>"; };
		45F5C5E8258488030082119F /* MessageUI.framework */ = {isa = PBXFileReference; lastKnownFileType = wrapper.framework; name = MessageUI.framework; path = System/Library/Frameworks/MessageUI.framework; sourceTree = SDKROOT; };
		45F684B325CFFBA800BA9E46 /* UserDefaults+removeAll.swift */ = {isa = PBXFileReference; lastKnownFileType = sourcecode.swift; path = "UserDefaults+removeAll.swift"; sourceTree = "<group>"; };
		45F684B825D047C400BA9E46 /* TimeLineViewController.swift */ = {isa = PBXFileReference; lastKnownFileType = sourcecode.swift; path = TimeLineViewController.swift; sourceTree = "<group>"; };
		45F684BB25D04AFB00BA9E46 /* TimeLineTableViewCell.swift */ = {isa = PBXFileReference; lastKnownFileType = sourcecode.swift; path = TimeLineTableViewCell.swift; sourceTree = "<group>"; };
		45F684BC25D04AFB00BA9E46 /* TimeLineTableViewCell.xib */ = {isa = PBXFileReference; lastKnownFileType = file.xib; path = TimeLineTableViewCell.xib; sourceTree = "<group>"; };
		45F76D9725CF8D2E005E71B7 /* EditUserInfoViewController.swift */ = {isa = PBXFileReference; lastKnownFileType = sourcecode.swift; path = EditUserInfoViewController.swift; sourceTree = "<group>"; };
		45FB281F257479ED0054A9B8 /* AccountViewController.swift */ = {isa = PBXFileReference; lastKnownFileType = sourcecode.swift; path = AccountViewController.swift; sourceTree = "<group>"; };
		A94EF47B29A9CEAAB707D9D7 /* Pods-HappyNews.release.xcconfig */ = {isa = PBXFileReference; includeInIndex = 1; lastKnownFileType = text.xcconfig; name = "Pods-HappyNews.release.xcconfig"; path = "Target Support Files/Pods-HappyNews/Pods-HappyNews.release.xcconfig"; sourceTree = "<group>"; };
		E8741481E51FE88820ECF537 /* Pods_HappyNews.framework */ = {isa = PBXFileReference; explicitFileType = wrapper.framework; includeInIndex = 0; path = Pods_HappyNews.framework; sourceTree = BUILT_PRODUCTS_DIR; };
		F96A87FECA201A625A6FABAE /* Pods-HappyNews.debug.xcconfig */ = {isa = PBXFileReference; includeInIndex = 1; lastKnownFileType = text.xcconfig; name = "Pods-HappyNews.debug.xcconfig"; path = "Target Support Files/Pods-HappyNews/Pods-HappyNews.debug.xcconfig"; sourceTree = "<group>"; };
/* End PBXFileReference section */

/* Begin PBXFrameworksBuildPhase section */
		45D8865124E4C0F000B32D02 /* Frameworks */ = {
			isa = PBXFrameworksBuildPhase;
			buildActionMask = 2147483647;
			files = (
				45F5C5E9258488030082119F /* MessageUI.framework in Frameworks */,
				CCDCCAE33D0F59D6087F56F9 /* Pods_HappyNews.framework in Frameworks */,
			);
			runOnlyForDeploymentPostprocessing = 0;
		};
/* End PBXFrameworksBuildPhase section */

/* Begin PBXGroup section */
		45166C3A25BAAD440026045F /* AuthenticationGroup */ = {
			isa = PBXGroup;
			children = (
				45166C3B25BAAD580026045F /* ApiKey.swift */,
				45C7DE2925CE211700D4DDB5 /* CheckPermission.swift */,
			);
			path = AuthenticationGroup;
			sourceTree = "<group>";
		};
		4532A60A25D92B26002A998A /* TimeLineCellGroup */ = {
			isa = PBXGroup;
			children = (
				45F684BC25D04AFB00BA9E46 /* TimeLineTableViewCell.xib */,
				45F684BB25D04AFB00BA9E46 /* TimeLineTableViewCell.swift */,
			);
			path = TimeLineCellGroup;
			sourceTree = "<group>";
		};
		4532A60B25D92B4F002A998A /* CommentInputGroup */ = {
			isa = PBXGroup;
			children = (
				4532A60725D926F2002A998A /* CommentInputAccessoryView.xib */,
				4532A60C25D92B94002A998A /* CommentInputAccessoryView.swift */,
			);
			path = CommentInputGroup;
			sourceTree = "<group>";
		};
		4532A62D25D952AF002A998A /* CommentGroup */ = {
			isa = PBXGroup;
			children = (
				4532A62E25D952D2002A998A /* CommentStruct.swift */,
			);
			path = CommentGroup;
			sourceTree = "<group>";
		};
		453B79D625A5ABD600ED1F25 /* NewsGroup */ = {
			isa = PBXGroup;
			children = (
				459DB74125C17CD0009822AD /* NewsCount.swift */,
				45BCEE7524E4F1970023D738 /* NewsItems.swift */,
			);
			path = NewsGroup;
			sourceTree = "<group>";
		};
		453B79D725A5ABEB00ED1F25 /* LanguageTranslatorGroup */ = {
			isa = PBXGroup;
			children = (
				457689742542A70E00D7E630 /* LanguageTranslatorModel.swift */,
				458F88B125D2AAC70041842D /* TimeLineTranslatorModel.swift */,
				4576898325453E5900D7E630 /* Translation.swift */,
			);
			path = LanguageTranslatorGroup;
			sourceTree = "<group>";
		};
		454A30F0259C8B2F008B1067 /* NotificationGroup */ = {
			isa = PBXGroup;
			children = (
				459DB76B25C3B83F009822AD /* LocalNotificationModel.swift */,
			);
			path = NotificationGroup;
			sourceTree = "<group>";
		};
		454A623E25CBB03E0035ACC9 /* TimeLineGroup */ = {
			isa = PBXGroup;
			children = (
				45F684B825D047C400BA9E46 /* TimeLineViewController.swift */,
				458F88A825D088A90041842D /* SubmissionPageViewController.swift */,
				4532A60425D90390002A998A /* TimeLineCommentViewController.swift */,
			);
			path = TimeLineGroup;
			sourceTree = "<group>";
		};
		454E6BBA25CBDD0F002E5F02 /* TimeLineMessageGroup */ = {
			isa = PBXGroup;
			children = (
				454E6BBB25CBDD52002E5F02 /* TimeLineMessage.swift */,
			);
			path = TimeLineMessageGroup;
			sourceTree = "<group>";
		};
		458017412588ADB4004A8176 /* ExtensionsGroup */ = {
			isa = PBXGroup;
			children = (
				45F684B225CFFB7400BA9E46 /* UserDefaults */,
				45B16CAD258CC3F100BED60E /* UIColor */,
			);
			path = ExtensionsGroup;
			sourceTree = "<group>";
		};
		458084C625BD9D4B00C96472 /* UserDefaultsGroup */ = {
			isa = PBXGroup;
			children = (
				459DB73E25C17CA5009822AD /* UserDefault.swift */,
			);
			path = UserDefaultsGroup;
			sourceTree = "<group>";
		};
		459DB75025C25243009822AD /* ToneAnalyzerGroup */ = {
			isa = PBXGroup;
			children = (
				457689782542A81C00D7E630 /* ToneAnalyzerModel.swift */,
				458F88B425D2C6000041842D /* TimeLineToneAnalyzerModel.swift */,
			);
			path = ToneAnalyzerGroup;
			sourceTree = "<group>";
		};
		45B16CAD258CC3F100BED60E /* UIColor */ = {
			isa = PBXGroup;
			children = (
				4580174F2588B74C004A8176 /* UIColor+Colors.swift */,
			);
			path = UIColor;
			sourceTree = "<group>";
		};
		45BE9B4B252801AE0013F34C /* NewsGroup */ = {
			isa = PBXGroup;
			children = (
				45D8865B24E4C0F000B32D02 /* NewsViewController.swift */,
				45BCEE7724E545570023D738 /* WebViewController.swift */,
			);
			path = NewsGroup;
			sourceTree = "<group>";
		};
		45BE9B4F252801FF0013F34C /* AccountGroup */ = {
			isa = PBXGroup;
			children = (
				45FB281F257479ED0054A9B8 /* AccountViewController.swift */,
				45F76D9725CF8D2E005E71B7 /* EditUserInfoViewController.swift */,
			);
			path = AccountGroup;
			sourceTree = "<group>";
		};
		45BE9B50252802130013F34C /* TabBarGroup */ = {
			isa = PBXGroup;
			children = (
				45BE9B402526C7BB0013F34C /* TabBarController.swift */,
			);
			path = TabBarGroup;
			sourceTree = "<group>";
		};
		45C7DDAA25CD76C000D4DDB5 /* LoginGroup */ = {
			isa = PBXGroup;
			children = (
				45BE9B442526D2120013F34C /* LoginViewController.swift */,
				45C7DDAB25CD778100D4DDB5 /* SaveUserInformationViewController.swift */,
			);
			path = LoginGroup;
			sourceTree = "<group>";
		};
		45D8864B24E4C0F000B32D02 = {
			isa = PBXGroup;
			children = (
				4573208E25A9E1E800F34C60 /* README.md */,
				45D8865624E4C0F000B32D02 /* HappyNews */,
				45D8865524E4C0F000B32D02 /* Products */,
				5974165321498545AB7A1196 /* Pods */,
				E769ABD22E3A12EB1260365E /* Frameworks */,
			);
			sourceTree = "<group>";
		};
		45D8865524E4C0F000B32D02 /* Products */ = {
			isa = PBXGroup;
			children = (
				45D8865424E4C0F000B32D02 /* HappyNews.app */,
			);
			name = Products;
			sourceTree = "<group>";
		};
		45D8865624E4C0F000B32D02 /* HappyNews */ = {
			isa = PBXGroup;
			children = (
				452877452575417200A344E3 /* HappyNews.entitlements */,
				45D8866D24E4C11900B32D02 /* Model */,
				45D8866C24E4C11300B32D02 /* View */,
				45D8866B24E4C10800B32D02 /* Controller */,
				45D8866524E4C0F200B32D02 /* Info.plist */,
				45B8238F25739340005F435B /* GoogleService-Info.plist */,
			);
			path = HappyNews;
			sourceTree = "<group>";
		};
		45D8866B24E4C10800B32D02 /* Controller */ = {
			isa = PBXGroup;
			children = (
				458017412588ADB4004A8176 /* ExtensionsGroup */,
				45BE9B50252802130013F34C /* TabBarGroup */,
				45C7DDAA25CD76C000D4DDB5 /* LoginGroup */,
				45BE9B4B252801AE0013F34C /* NewsGroup */,
				454A623E25CBB03E0035ACC9 /* TimeLineGroup */,
				45BE9B4F252801FF0013F34C /* AccountGroup */,
				45D8865724E4C0F000B32D02 /* AppDelegate.swift */,
				45D8865924E4C0F000B32D02 /* SceneDelegate.swift */,
			);
			path = Controller;
			sourceTree = "<group>";
		};
		45D8866C24E4C11300B32D02 /* View */ = {
			isa = PBXGroup;
			children = (
				4586DD502585B0CE00FAB922 /* Assets.xcassets */,
				45D8865D24E4C0F000B32D02 /* Main.storyboard */,
				45D8866224E4C0F200B32D02 /* LaunchScreen.storyboard */,
				4532A60B25D92B4F002A998A /* CommentInputGroup */,
				4532A60A25D92B26002A998A /* TimeLineCellGroup */,
			);
			path = View;
			sourceTree = "<group>";
		};
		45D8866D24E4C11900B32D02 /* Model */ = {
			isa = PBXGroup;
			children = (
				45E1B44125CE398400843780 /* FirebaseGroup */,
				45E80A5D25B52FF1001A25AF /* TimeScheduleGroup */,
				453B79D725A5ABEB00ED1F25 /* LanguageTranslatorGroup */,
				459DB75025C25243009822AD /* ToneAnalyzerGroup */,
				453B79D625A5ABD600ED1F25 /* NewsGroup */,
				454E6BBA25CBDD0F002E5F02 /* TimeLineMessageGroup */,
				4532A62D25D952AF002A998A /* CommentGroup */,
				458084C625BD9D4B00C96472 /* UserDefaultsGroup */,
				454A30F0259C8B2F008B1067 /* NotificationGroup */,
				45166C3A25BAAD440026045F /* AuthenticationGroup */,
			);
			path = Model;
			sourceTree = "<group>";
		};
		45E1B44125CE398400843780 /* FirebaseGroup */ = {
			isa = PBXGroup;
			children = (
				45E1B44225CE399D00843780 /* SendToFirebaseStorageModel.swift */,
			);
			path = FirebaseGroup;
			sourceTree = "<group>";
		};
		45E80A5D25B52FF1001A25AF /* TimeScheduleGroup */ = {
			isa = PBXGroup;
			children = (
				45E80A5E25B52FF1001A25AF /* TimeScheduleModel.swift */,
				459DB74425C17D02009822AD /* DateItems.swift */,
				459DB74725C17D08009822AD /* TimePoints.swift */,
				459DB74A25C17D13009822AD /* UpdateTimes.swift */,
			);
			path = TimeScheduleGroup;
			sourceTree = "<group>";
		};
		45F684B225CFFB7400BA9E46 /* UserDefaults */ = {
			isa = PBXGroup;
			children = (
				45F684B325CFFBA800BA9E46 /* UserDefaults+removeAll.swift */,
			);
			path = UserDefaults;
			sourceTree = "<group>";
		};
		5974165321498545AB7A1196 /* Pods */ = {
			isa = PBXGroup;
			children = (
				F96A87FECA201A625A6FABAE /* Pods-HappyNews.debug.xcconfig */,
				A94EF47B29A9CEAAB707D9D7 /* Pods-HappyNews.release.xcconfig */,
			);
			path = Pods;
			sourceTree = "<group>";
		};
		E769ABD22E3A12EB1260365E /* Frameworks */ = {
			isa = PBXGroup;
			children = (
				45F5C5E8258488030082119F /* MessageUI.framework */,
				E8741481E51FE88820ECF537 /* Pods_HappyNews.framework */,
			);
			name = Frameworks;
			sourceTree = "<group>";
		};
/* End PBXGroup section */

/* Begin PBXNativeTarget section */
		45D8865324E4C0F000B32D02 /* HappyNews */ = {
			isa = PBXNativeTarget;
			buildConfigurationList = 45D8866824E4C0F200B32D02 /* Build configuration list for PBXNativeTarget "HappyNews" */;
			buildPhases = (
				C388B91F10210D3A0A7A3F07 /* [CP] Check Pods Manifest.lock */,
				45D8865024E4C0F000B32D02 /* Sources */,
				45D8865124E4C0F000B32D02 /* Frameworks */,
				45D8865224E4C0F000B32D02 /* Resources */,
				EAC2FCCA8EFDB47DA8A41614 /* [CP] Embed Pods Frameworks */,
			);
			buildRules = (
			);
			dependencies = (
			);
			name = HappyNews;
			productName = HappyNews;
			productReference = 45D8865424E4C0F000B32D02 /* HappyNews.app */;
			productType = "com.apple.product-type.application";
		};
/* End PBXNativeTarget section */

/* Begin PBXProject section */
		45D8864C24E4C0F000B32D02 /* Project object */ = {
			isa = PBXProject;
			attributes = {
				LastSwiftUpdateCheck = 1160;
				LastUpgradeCheck = 1160;
				ORGANIZATIONNAME = "佐々木　謙";
				TargetAttributes = {
					45D8865324E4C0F000B32D02 = {
						CreatedOnToolsVersion = 11.6;
					};
				};
			};
			buildConfigurationList = 45D8864F24E4C0F000B32D02 /* Build configuration list for PBXProject "HappyNews" */;
			compatibilityVersion = "Xcode 9.3";
			developmentRegion = en;
			hasScannedForEncodings = 0;
			knownRegions = (
				en,
				Base,
				ja,
			);
			mainGroup = 45D8864B24E4C0F000B32D02;
			productRefGroup = 45D8865524E4C0F000B32D02 /* Products */;
			projectDirPath = "";
			projectRoot = "";
			targets = (
				45D8865324E4C0F000B32D02 /* HappyNews */,
			);
		};
/* End PBXProject section */

/* Begin PBXResourcesBuildPhase section */
		45D8865224E4C0F000B32D02 /* Resources */ = {
			isa = PBXResourcesBuildPhase;
			buildActionMask = 2147483647;
			files = (
				4532A60825D926F3002A998A /* CommentInputAccessoryView.xib in Resources */,
				45F684BE25D04AFB00BA9E46 /* TimeLineTableViewCell.xib in Resources */,
				45D8866424E4C0F200B32D02 /* LaunchScreen.storyboard in Resources */,
				45D8865F24E4C0F000B32D02 /* Main.storyboard in Resources */,
				4586DD512585B0CE00FAB922 /* Assets.xcassets in Resources */,
				45B8239025739340005F435B /* GoogleService-Info.plist in Resources */,
			);
			runOnlyForDeploymentPostprocessing = 0;
		};
/* End PBXResourcesBuildPhase section */

/* Begin PBXShellScriptBuildPhase section */
		C388B91F10210D3A0A7A3F07 /* [CP] Check Pods Manifest.lock */ = {
			isa = PBXShellScriptBuildPhase;
			buildActionMask = 2147483647;
			files = (
			);
			inputFileListPaths = (
			);
			inputPaths = (
				"${PODS_PODFILE_DIR_PATH}/Podfile.lock",
				"${PODS_ROOT}/Manifest.lock",
			);
			name = "[CP] Check Pods Manifest.lock";
			outputFileListPaths = (
			);
			outputPaths = (
				"$(DERIVED_FILE_DIR)/Pods-HappyNews-checkManifestLockResult.txt",
			);
			runOnlyForDeploymentPostprocessing = 0;
			shellPath = /bin/sh;
			shellScript = "diff \"${PODS_PODFILE_DIR_PATH}/Podfile.lock\" \"${PODS_ROOT}/Manifest.lock\" > /dev/null\nif [ $? != 0 ] ; then\n    # print error to STDERR\n    echo \"error: The sandbox is not in sync with the Podfile.lock. Run 'pod install' or update your CocoaPods installation.\" >&2\n    exit 1\nfi\n# This output is used by Xcode 'outputs' to avoid re-running this script phase.\necho \"SUCCESS\" > \"${SCRIPT_OUTPUT_FILE_0}\"\n";
			showEnvVarsInLog = 0;
		};
		EAC2FCCA8EFDB47DA8A41614 /* [CP] Embed Pods Frameworks */ = {
			isa = PBXShellScriptBuildPhase;
			buildActionMask = 2147483647;
			files = (
			);
			inputFileListPaths = (
				"${PODS_ROOT}/Target Support Files/Pods-HappyNews/Pods-HappyNews-frameworks-${CONFIGURATION}-input-files.xcfilelist",
			);
			name = "[CP] Embed Pods Frameworks";
			outputFileListPaths = (
				"${PODS_ROOT}/Target Support Files/Pods-HappyNews/Pods-HappyNews-frameworks-${CONFIGURATION}-output-files.xcfilelist",
			);
			runOnlyForDeploymentPostprocessing = 0;
			shellPath = /bin/sh;
			shellScript = "\"${PODS_ROOT}/Target Support Files/Pods-HappyNews/Pods-HappyNews-frameworks.sh\"\n";
			showEnvVarsInLog = 0;
		};
/* End PBXShellScriptBuildPhase section */

/* Begin PBXSourcesBuildPhase section */
		45D8865024E4C0F000B32D02 /* Sources */ = {
			isa = PBXSourcesBuildPhase;
			buildActionMask = 2147483647;
			files = (
				45E1B44325CE399D00843780 /* SendToFirebaseStorageModel.swift in Sources */,
				459DB74225C17CD0009822AD /* NewsCount.swift in Sources */,
				458F88B225D2AAC70041842D /* TimeLineTranslatorModel.swift in Sources */,
				45F76D9825CF8D2E005E71B7 /* EditUserInfoViewController.swift in Sources */,
				459DB73F25C17CA5009822AD /* UserDefault.swift in Sources */,
				4532A62F25D952D3002A998A /* CommentStruct.swift in Sources */,
				459DB74525C17D02009822AD /* DateItems.swift in Sources */,
				459DB74825C17D08009822AD /* TimePoints.swift in Sources */,
				457689792542A81C00D7E630 /* ToneAnalyzerModel.swift in Sources */,
				4532A60525D90390002A998A /* TimeLineCommentViewController.swift in Sources */,
				45BCEE7824E545570023D738 /* WebViewController.swift in Sources */,
				45F684BD25D04AFB00BA9E46 /* TimeLineTableViewCell.swift in Sources */,
				45F684B425CFFBA800BA9E46 /* UserDefaults+removeAll.swift in Sources */,
				45D8865C24E4C0F000B32D02 /* NewsViewController.swift in Sources */,
				4576898425453E5900D7E630 /* Translation.swift in Sources */,
				45BE9B412526C7BB0013F34C /* TabBarController.swift in Sources */,
				454E6BBC25CBDD52002E5F02 /* TimeLineMessage.swift in Sources */,
				4532A60D25D92B94002A998A /* CommentInputAccessoryView.swift in Sources */,
				45FB2820257479ED0054A9B8 /* AccountViewController.swift in Sources */,
				45D8865824E4C0F000B32D02 /* AppDelegate.swift in Sources */,
				459DB76C25C3B83F009822AD /* LocalNotificationModel.swift in Sources */,
				45E80A5F25B52FF1001A25AF /* TimeScheduleModel.swift in Sources */,
				458F88A925D088A90041842D /* SubmissionPageViewController.swift in Sources */,
				45D8865A24E4C0F000B32D02 /* SceneDelegate.swift in Sources */,
				457689752542A70E00D7E630 /* LanguageTranslatorModel.swift in Sources */,
				45166C3C25BAAD580026045F /* ApiKey.swift in Sources */,
				458017502588B74C004A8176 /* UIColor+Colors.swift in Sources */,
				45C7DE2A25CE211700D4DDB5 /* CheckPermission.swift in Sources */,
				459DB74B25C17D13009822AD /* UpdateTimes.swift in Sources */,
				45F684B925D047C400BA9E46 /* TimeLineViewController.swift in Sources */,
				45C7DDAC25CD778100D4DDB5 /* SaveUserInformationViewController.swift in Sources */,
				45BE9B452526D2120013F34C /* LoginViewController.swift in Sources */,
				458F88B525D2C6000041842D /* TimeLineToneAnalyzerModel.swift in Sources */,
				45BCEE7624E4F1970023D738 /* NewsItems.swift in Sources */,
			);
			runOnlyForDeploymentPostprocessing = 0;
		};
/* End PBXSourcesBuildPhase section */

/* Begin PBXVariantGroup section */
		45D8865D24E4C0F000B32D02 /* Main.storyboard */ = {
			isa = PBXVariantGroup;
			children = (
				45D8865E24E4C0F000B32D02 /* Base */,
				45B8238C25739103005F435B /* ja */,
			);
			name = Main.storyboard;
			sourceTree = "<group>";
		};
		45D8866224E4C0F200B32D02 /* LaunchScreen.storyboard */ = {
			isa = PBXVariantGroup;
			children = (
				45D8866324E4C0F200B32D02 /* Base */,
				45B8238D25739104005F435B /* ja */,
			);
			name = LaunchScreen.storyboard;
			sourceTree = "<group>";
		};
/* End PBXVariantGroup section */

/* Begin XCBuildConfiguration section */
		45D8866624E4C0F200B32D02 /* Debug */ = {
			isa = XCBuildConfiguration;
			buildSettings = {
				ALWAYS_SEARCH_USER_PATHS = NO;
				CLANG_ANALYZER_LOCALIZABILITY_NONLOCALIZED = YES;
				CLANG_ANALYZER_NONNULL = YES;
				CLANG_ANALYZER_NUMBER_OBJECT_CONVERSION = YES_AGGRESSIVE;
				CLANG_CXX_LANGUAGE_STANDARD = "gnu++14";
				CLANG_CXX_LIBRARY = "libc++";
				CLANG_ENABLE_MODULES = YES;
				CLANG_ENABLE_OBJC_ARC = YES;
				CLANG_ENABLE_OBJC_WEAK = YES;
				CLANG_WARN_BLOCK_CAPTURE_AUTORELEASING = YES;
				CLANG_WARN_BOOL_CONVERSION = YES;
				CLANG_WARN_COMMA = YES;
				CLANG_WARN_CONSTANT_CONVERSION = YES;
				CLANG_WARN_DEPRECATED_OBJC_IMPLEMENTATIONS = YES;
				CLANG_WARN_DIRECT_OBJC_ISA_USAGE = YES_ERROR;
				CLANG_WARN_DOCUMENTATION_COMMENTS = YES;
				CLANG_WARN_EMPTY_BODY = YES;
				CLANG_WARN_ENUM_CONVERSION = YES;
				CLANG_WARN_INFINITE_RECURSION = YES;
				CLANG_WARN_INT_CONVERSION = YES;
				CLANG_WARN_NON_LITERAL_NULL_CONVERSION = YES;
				CLANG_WARN_OBJC_IMPLICIT_RETAIN_SELF = YES;
				CLANG_WARN_OBJC_LITERAL_CONVERSION = YES;
				CLANG_WARN_OBJC_ROOT_CLASS = YES_ERROR;
				CLANG_WARN_RANGE_LOOP_ANALYSIS = YES;
				CLANG_WARN_STRICT_PROTOTYPES = YES;
				CLANG_WARN_SUSPICIOUS_MOVE = YES;
				CLANG_WARN_UNGUARDED_AVAILABILITY = YES_AGGRESSIVE;
				CLANG_WARN_UNREACHABLE_CODE = YES;
				CLANG_WARN__DUPLICATE_METHOD_MATCH = YES;
				COPY_PHASE_STRIP = NO;
				DEBUG_INFORMATION_FORMAT = dwarf;
				ENABLE_STRICT_OBJC_MSGSEND = YES;
				ENABLE_TESTABILITY = YES;
				GCC_C_LANGUAGE_STANDARD = gnu11;
				GCC_DYNAMIC_NO_PIC = NO;
				GCC_NO_COMMON_BLOCKS = YES;
				GCC_OPTIMIZATION_LEVEL = 0;
				GCC_PREPROCESSOR_DEFINITIONS = (
					"DEBUG=1",
					"$(inherited)",
				);
				GCC_WARN_64_TO_32_BIT_CONVERSION = YES;
				GCC_WARN_ABOUT_RETURN_TYPE = YES_ERROR;
				GCC_WARN_UNDECLARED_SELECTOR = YES;
				GCC_WARN_UNINITIALIZED_AUTOS = YES_AGGRESSIVE;
				GCC_WARN_UNUSED_FUNCTION = YES;
				GCC_WARN_UNUSED_VARIABLE = YES;
				IPHONEOS_DEPLOYMENT_TARGET = 14.3;
				MTL_ENABLE_DEBUG_INFO = INCLUDE_SOURCE;
				MTL_FAST_MATH = YES;
				ONLY_ACTIVE_ARCH = YES;
				SDKROOT = iphoneos;
				SWIFT_ACTIVE_COMPILATION_CONDITIONS = DEBUG;
				SWIFT_OPTIMIZATION_LEVEL = "-Onone";
			};
			name = Debug;
		};
		45D8866724E4C0F200B32D02 /* Release */ = {
			isa = XCBuildConfiguration;
			buildSettings = {
				ALWAYS_SEARCH_USER_PATHS = NO;
				CLANG_ANALYZER_LOCALIZABILITY_NONLOCALIZED = YES;
				CLANG_ANALYZER_NONNULL = YES;
				CLANG_ANALYZER_NUMBER_OBJECT_CONVERSION = YES_AGGRESSIVE;
				CLANG_CXX_LANGUAGE_STANDARD = "gnu++14";
				CLANG_CXX_LIBRARY = "libc++";
				CLANG_ENABLE_MODULES = YES;
				CLANG_ENABLE_OBJC_ARC = YES;
				CLANG_ENABLE_OBJC_WEAK = YES;
				CLANG_WARN_BLOCK_CAPTURE_AUTORELEASING = YES;
				CLANG_WARN_BOOL_CONVERSION = YES;
				CLANG_WARN_COMMA = YES;
				CLANG_WARN_CONSTANT_CONVERSION = YES;
				CLANG_WARN_DEPRECATED_OBJC_IMPLEMENTATIONS = YES;
				CLANG_WARN_DIRECT_OBJC_ISA_USAGE = YES_ERROR;
				CLANG_WARN_DOCUMENTATION_COMMENTS = YES;
				CLANG_WARN_EMPTY_BODY = YES;
				CLANG_WARN_ENUM_CONVERSION = YES;
				CLANG_WARN_INFINITE_RECURSION = YES;
				CLANG_WARN_INT_CONVERSION = YES;
				CLANG_WARN_NON_LITERAL_NULL_CONVERSION = YES;
				CLANG_WARN_OBJC_IMPLICIT_RETAIN_SELF = YES;
				CLANG_WARN_OBJC_LITERAL_CONVERSION = YES;
				CLANG_WARN_OBJC_ROOT_CLASS = YES_ERROR;
				CLANG_WARN_RANGE_LOOP_ANALYSIS = YES;
				CLANG_WARN_STRICT_PROTOTYPES = YES;
				CLANG_WARN_SUSPICIOUS_MOVE = YES;
				CLANG_WARN_UNGUARDED_AVAILABILITY = YES_AGGRESSIVE;
				CLANG_WARN_UNREACHABLE_CODE = YES;
				CLANG_WARN__DUPLICATE_METHOD_MATCH = YES;
				COPY_PHASE_STRIP = NO;
				DEBUG_INFORMATION_FORMAT = "dwarf-with-dsym";
				ENABLE_NS_ASSERTIONS = NO;
				ENABLE_STRICT_OBJC_MSGSEND = YES;
				GCC_C_LANGUAGE_STANDARD = gnu11;
				GCC_NO_COMMON_BLOCKS = YES;
				GCC_WARN_64_TO_32_BIT_CONVERSION = YES;
				GCC_WARN_ABOUT_RETURN_TYPE = YES_ERROR;
				GCC_WARN_UNDECLARED_SELECTOR = YES;
				GCC_WARN_UNINITIALIZED_AUTOS = YES_AGGRESSIVE;
				GCC_WARN_UNUSED_FUNCTION = YES;
				GCC_WARN_UNUSED_VARIABLE = YES;
				IPHONEOS_DEPLOYMENT_TARGET = 14.3;
				MTL_ENABLE_DEBUG_INFO = NO;
				MTL_FAST_MATH = YES;
				SDKROOT = iphoneos;
				SWIFT_COMPILATION_MODE = wholemodule;
				SWIFT_OPTIMIZATION_LEVEL = "-O";
				VALIDATE_PRODUCT = YES;
			};
			name = Release;
		};
		45D8866924E4C0F200B32D02 /* Debug */ = {
			isa = XCBuildConfiguration;
			baseConfigurationReference = F96A87FECA201A625A6FABAE /* Pods-HappyNews.debug.xcconfig */;
			buildSettings = {
				ASSETCATALOG_COMPILER_APPICON_NAME = AppIcon;
				CODE_SIGN_ENTITLEMENTS = HappyNews/HappyNews.entitlements;
				CODE_SIGN_IDENTITY = "Apple Development";
				CODE_SIGN_STYLE = Automatic;
				DEVELOPMENT_TEAM = ZXZ96723Y7;
				INFOPLIST_FILE = HappyNews/Info.plist;
				LD_RUNPATH_SEARCH_PATHS = (
					"$(inherited)",
					"@executable_path/Frameworks",
				);
				OTHER_LDFLAGS = "";
				PRODUCT_BUNDLE_IDENTIFIER = com.ken.HappyNews;
				PRODUCT_NAME = "$(TARGET_NAME)";
				PROVISIONING_PROFILE_SPECIFIER = "";
				SWIFT_VERSION = 5.0;
				SWIFT_WHOLE_MODULE_OPTIMIZATION = YES;
				TARGETED_DEVICE_FAMILY = 1;
			};
			name = Debug;
		};
		45D8866A24E4C0F200B32D02 /* Release */ = {
			isa = XCBuildConfiguration;
			baseConfigurationReference = A94EF47B29A9CEAAB707D9D7 /* Pods-HappyNews.release.xcconfig */;
			buildSettings = {
				ASSETCATALOG_COMPILER_APPICON_NAME = AppIcon;
				CODE_SIGN_ENTITLEMENTS = HappyNews/HappyNews.entitlements;
				CODE_SIGN_IDENTITY = "Apple Development";
				CODE_SIGN_STYLE = Automatic;
				DEVELOPMENT_TEAM = ZXZ96723Y7;
				INFOPLIST_FILE = HappyNews/Info.plist;
				LD_RUNPATH_SEARCH_PATHS = (
					"$(inherited)",
					"@executable_path/Frameworks",
				);
				ORDER_FILE = "";
				"ORDER_FILE[arch=*]" = "";
				OTHER_LDFLAGS = "";
				PRODUCT_BUNDLE_IDENTIFIER = com.ken.HappyNews;
				PRODUCT_NAME = "$(TARGET_NAME)";
				PROVISIONING_PROFILE_SPECIFIER = "";
				SWIFT_VERSION = 5.0;
				SWIFT_WHOLE_MODULE_OPTIMIZATION = YES;
				TARGETED_DEVICE_FAMILY = 1;
			};
			name = Release;
		};
/* End XCBuildConfiguration section */

/* Begin XCConfigurationList section */
		45D8864F24E4C0F000B32D02 /* Build configuration list for PBXProject "HappyNews" */ = {
			isa = XCConfigurationList;
			buildConfigurations = (
				45D8866624E4C0F200B32D02 /* Debug */,
				45D8866724E4C0F200B32D02 /* Release */,
			);
			defaultConfigurationIsVisible = 0;
			defaultConfigurationName = Release;
		};
		45D8866824E4C0F200B32D02 /* Build configuration list for PBXNativeTarget "HappyNews" */ = {
			isa = XCConfigurationList;
			buildConfigurations = (
				45D8866924E4C0F200B32D02 /* Debug */,
				45D8866A24E4C0F200B32D02 /* Release */,
			);
			defaultConfigurationIsVisible = 0;
			defaultConfigurationName = Release;
		};
/* End XCConfigurationList section */
	};
	rootObject = 45D8864C24E4C0F000B32D02 /* Project object */;
}
